
Microsoft Visual Studio Solution File, Format Version 12.00
# Visual Studio Version 17
VisualStudioVersion = 17.12.35527.113 d17.12
MinimumVisualStudioVersion = 10.0.40219.1
Project("{FAE04EC0-301F-11D3-BF4B-00C04F79EFBC}") = "Contador", "Contador\Contador.csproj", "{A1959F80-2264-4299-BB04-C8C243F88C4D}"
EndProject
Global
	GlobalSection(SolutionConfigurationPlatforms) = preSolution
		Debug|Any CPU = Debug|Any CPU
		Release|Any CPU = Release|Any CPU
	EndGlobalSection
	GlobalSection(ProjectConfigurationPlatforms) = postSolution
		{A1959F80-2264-4299-BB04-C8C243F88C4D}.Debug|Any CPU.ActiveCfg = Debug|Any CPU
		{A1959F80-2264-4299-BB04-C8C243F88C4D}.Debug|Any CPU.Build.0 = Debug|Any CPU
		{A1959F80-2264-4299-BB04-C8C243F88C4D}.Release|Any CPU.ActiveCfg = Release|Any CPU
		{A1959F80-2264-4299-BB04-C8C243F88C4D}.Release|Any CPU.Build.0 = Release|Any CPU
	EndGlobalSection
	GlobalSection(SolutionProperties) = preSolution
		HideSolutionNode = FALSE
	EndGlobalSection
EndGlobal
